
Microsoft Visual Studio Solution File, Format Version 12.00
# Visual Studio Version 16
VisualStudioVersion = 16.0.30413.136
MinimumVisualStudioVersion = 10.0.40219.1
Project("{FAE04EC0-301F-11D3-BF4B-00C04F79EFBC}") = "Web-API-CRUD-App", "Web-API-CRUD-App.csproj", "{B56A2018-0C93-4219-8282-F4E6649B8873}"
EndProject
Global
	GlobalSection(SolutionConfigurationPlatforms) = preSolution
		Debug|Any CPU = Debug|Any CPU
		Release|Any CPU = Release|Any CPU
	EndGlobalSection
	GlobalSection(ProjectConfigurationPlatforms) = postSolution
		{B56A2018-0C93-4219-8282-F4E6649B8873}.Debug|Any CPU.ActiveCfg = Debug|Any CPU
		{B56A2018-0C93-4219-8282-F4E6649B8873}.Debug|Any CPU.Build.0 = Debug|Any CPU
		{B56A2018-0C93-4219-8282-F4E6649B8873}.Release|Any CPU.ActiveCfg = Release|Any CPU
		{B56A2018-0C93-4219-8282-F4E6649B8873}.Release|Any CPU.Build.0 = Release|Any CPU
	EndGlobalSection
	GlobalSection(SolutionProperties) = preSolution
		HideSolutionNode = FALSE
	EndGlobalSection
	GlobalSection(ExtensibilityGlobals) = postSolution
		SolutionGuid = {15FCB0C9-BCBA-44CB-B1AF-2B1731614BA4}
	EndGlobalSection
EndGlobal
